
Microsoft Visual Studio Solution File, Format Version 12.00
# Visual Studio 2013
VisualStudioVersion = 12.0.31101.0
MinimumVisualStudioVersion = 10.0.40219.1
Project("{FAE04EC0-301F-11D3-BF4B-00C04F79EFBC}") = "Parrods", "Parrods\Parrods.csproj", "{DF1ECC5B-9479-4BF8-B22C-D96CE6016639}"
EndProject
Global
	GlobalSection(SolutionConfigurationPlatforms) = preSolution
		Debug|Any CPU = Debug|Any CPU
		Release|Any CPU = Release|Any CPU
	EndGlobalSection
	GlobalSection(ProjectConfigurationPlatforms) = postSolution
		{DF1ECC5B-9479-4BF8-B22C-D96CE6016639}.Debug|Any CPU.ActiveCfg = Debug|Any CPU
		{DF1ECC5B-9479-4BF8-B22C-D96CE6016639}.Debug|Any CPU.Build.0 = Debug|Any CPU
		{DF1ECC5B-9479-4BF8-B22C-D96CE6016639}.Release|Any CPU.ActiveCfg = Release|Any CPU
		{DF1ECC5B-9479-4BF8-B22C-D96CE6016639}.Release|Any CPU.Build.0 = Release|Any CPU
	EndGlobalSection
	GlobalSection(SolutionProperties) = preSolution
		HideSolutionNode = FALSE
	EndGlobalSection
EndGlobal
